
Microsoft Visual Studio Solution File, Format Version 12.00
# Visual Studio 15
VisualStudioVersion = 15.0.28307.136
MinimumVisualStudioVersion = 10.0.40219.1
Project("{FAE04EC0-301F-11D3-BF4B-00C04F79EFBC}") = "ApartmanOtomasyonu", "ApartmanOtomasyonu\ApartmanOtomasyonu.csproj", "{689D463C-96FA-4C7C-887B-05DB06D03412}"
EndProject
Global
	GlobalSection(SolutionConfigurationPlatforms) = preSolution
		Debug|Any CPU = Debug|Any CPU
		Release|Any CPU = Release|Any CPU
	EndGlobalSection
	GlobalSection(ProjectConfigurationPlatforms) = postSolution
		{689D463C-96FA-4C7C-887B-05DB06D03412}.Debug|Any CPU.ActiveCfg = Debug|Any CPU
		{689D463C-96FA-4C7C-887B-05DB06D03412}.Debug|Any CPU.Build.0 = Debug|Any CPU
		{689D463C-96FA-4C7C-887B-05DB06D03412}.Release|Any CPU.ActiveCfg = Release|Any CPU
		{689D463C-96FA-4C7C-887B-05DB06D03412}.Release|Any CPU.Build.0 = Release|Any CPU
	EndGlobalSection
	GlobalSection(SolutionProperties) = preSolution
		HideSolutionNode = FALSE
	EndGlobalSection
	GlobalSection(ExtensibilityGlobals) = postSolution
		SolutionGuid = {B853A65F-7CF2-429F-95D2-35BD79A40F05}
	EndGlobalSection
EndGlobal
